
Microsoft Visual Studio Solution File, Format Version 12.00
# Visual Studio 15
VisualStudioVersion = 15.0.27428.2015
MinimumVisualStudioVersion = 10.0.40219.1
Project("{FAE04EC0-301F-11D3-BF4B-00C04F79EFBC}") = "FileConverterService", "FileConverterService\FileConverterService.csproj", "{EDE22806-1B71-43DD-8E7E-31466F3891CC}"
EndProject
Global
	GlobalSection(SolutionConfigurationPlatforms) = preSolution
		Debug|Any CPU = Debug|Any CPU
		Release|Any CPU = Release|Any CPU
	EndGlobalSection
	GlobalSection(ProjectConfigurationPlatforms) = postSolution
		{EDE22806-1B71-43DD-8E7E-31466F3891CC}.Debug|Any CPU.ActiveCfg = Debug|Any CPU
		{EDE22806-1B71-43DD-8E7E-31466F3891CC}.Debug|Any CPU.Build.0 = Debug|Any CPU
		{EDE22806-1B71-43DD-8E7E-31466F3891CC}.Release|Any CPU.ActiveCfg = Release|Any CPU
		{EDE22806-1B71-43DD-8E7E-31466F3891CC}.Release|Any CPU.Build.0 = Release|Any CPU
	EndGlobalSection
	GlobalSection(SolutionProperties) = preSolution
		HideSolutionNode = FALSE
	EndGlobalSection
	GlobalSection(ExtensibilityGlobals) = postSolution
		SolutionGuid = {53DE6D26-F046-4184-8A75-72F0CF50FCC4}
	EndGlobalSection
EndGlobal
